
Microsoft Visual Studio Solution File, Format Version 12.00
# Visual Studio Version 16
VisualStudioVersion = 16.0.30320.27
MinimumVisualStudioVersion = 10.0.40219.1
Project("{FAE04EC0-301F-11D3-BF4B-00C04F79EFBC}") = "JWTAuth", "JWTAuth\JWTAuth.csproj", "{5EF0E3AE-7FDD-4605-BAD9-902ACCE20C87}"
EndProject
Global
	GlobalSection(SolutionConfigurationPlatforms) = preSolution
		Debug|Any CPU = Debug|Any CPU
		Release|Any CPU = Release|Any CPU
	EndGlobalSection
	GlobalSection(ProjectConfigurationPlatforms) = postSolution
		{5EF0E3AE-7FDD-4605-BAD9-902ACCE20C87}.Debug|Any CPU.ActiveCfg = Debug|Any CPU
		{5EF0E3AE-7FDD-4605-BAD9-902ACCE20C87}.Debug|Any CPU.Build.0 = Debug|Any CPU
		{5EF0E3AE-7FDD-4605-BAD9-902ACCE20C87}.Release|Any CPU.ActiveCfg = Release|Any CPU
		{5EF0E3AE-7FDD-4605-BAD9-902ACCE20C87}.Release|Any CPU.Build.0 = Release|Any CPU
	EndGlobalSection
	GlobalSection(SolutionProperties) = preSolution
		HideSolutionNode = FALSE
	EndGlobalSection
	GlobalSection(ExtensibilityGlobals) = postSolution
		SolutionGuid = {2DEECE24-A7B9-42F6-A59D-664DD2FDF347}
	EndGlobalSection
EndGlobal
